// !$*UTF8*$!
{
	archiveVersion = 1;
	classes = {
	};
	objectVersion = 46;
	objects = {

/* Begin PBXBuildFile section */
		B0881416181A194D001FEC3C /* Foundation.framework in Frameworks */ = {isa = PBXBuildFile; fileRef = B0881415181A194D001FEC3C /* Foundation.framework */; };
		B0881418181A194D001FEC3C /* CoreGraphics.framework in Frameworks */ = {isa = PBXBuildFile; fileRef = B0881417181A194D001FEC3C /* CoreGraphics.framework */; };
		B088141A181A194D001FEC3C /* UIKit.framework in Frameworks */ = {isa = PBXBuildFile; fileRef = B0881419181A194D001FEC3C /* UIKit.framework */; };
		B0881420181A194D001FEC3C /* InfoPlist.strings in Resources */ = {isa = PBXBuildFile; fileRef = B088141E181A194D001FEC3C /* InfoPlist.strings */; };
		B0881422181A194D001FEC3C /* main.m in Sources */ = {isa = PBXBuildFile; fileRef = B0881421181A194D001FEC3C /* main.m */; };
		B0881426181A194D001FEC3C /* MPTAppDelegate.m in Sources */ = {isa = PBXBuildFile; fileRef = B0881425181A194D001FEC3C /* MPTAppDelegate.m */; };
		B0881429181A194D001FEC3C /* Main.storyboard in Resources */ = {isa = PBXBuildFile; fileRef = B0881427181A194D001FEC3C /* Main.storyboard */; };
		B088142E181A194D001FEC3C /* Images.xcassets in Resources */ = {isa = PBXBuildFile; fileRef = B088142D181A194D001FEC3C /* Images.xcassets */; };
		B0881435181A194D001FEC3C /* XCTest.framework in Frameworks */ = {isa = PBXBuildFile; fileRef = B0881434181A194D001FEC3C /* XCTest.framework */; };
		B0881436181A194D001FEC3C /* Foundation.framework in Frameworks */ = {isa = PBXBuildFile; fileRef = B0881415181A194D001FEC3C /* Foundation.framework */; };
		B0881437181A194D001FEC3C /* UIKit.framework in Frameworks */ = {isa = PBXBuildFile; fileRef = B0881419181A194D001FEC3C /* UIKit.framework */; };
		B088143F181A194D001FEC3C /* InfoPlist.strings in Resources */ = {isa = PBXBuildFile; fileRef = B088143D181A194D001FEC3C /* InfoPlist.strings */; };
		B0881441181A194D001FEC3C /* MultiPeerTestTests.m in Sources */ = {isa = PBXBuildFile; fileRef = B0881440181A194D001FEC3C /* MultiPeerTestTests.m */; };
		B088144B181A195A001FEC3C /* MultipeerConnectivity.framework in Frameworks */ = {isa = PBXBuildFile; fileRef = B088144A181A195A001FEC3C /* MultipeerConnectivity.framework */; };
		B0BC3C42182077A800315EAE /* MPTChatViewController.m in Sources */ = {isa = PBXBuildFile; fileRef = B0BC3C41182077A800315EAE /* MPTChatViewController.m */; };
		B0BC3C45182077B900315EAE /* MPTChatCell.m in Sources */ = {isa = PBXBuildFile; fileRef = B0BC3C44182077B900315EAE /* MPTChatCell.m */; };
		B0BC3C491820780400315EAE /* ChatModal.xcdatamodeld in Sources */ = {isa = PBXBuildFile; fileRef = B0BC3C471820780400315EAE /* ChatModal.xcdatamodeld */; };
		B0BC3C4C1820783300315EAE /* MPTChatDataSource.m in Sources */ = {isa = PBXBuildFile; fileRef = B0BC3C4B1820783300315EAE /* MPTChatDataSource.m */; };
		B0BC3C5618207BBB00315EAE /* MPTDataController.m in Sources */ = {isa = PBXBuildFile; fileRef = B0BC3C5518207BBB00315EAE /* MPTDataController.m */; };
		B0BC3C6818209D5800315EAE /* MPTChatMessage.m in Sources */ = {isa = PBXBuildFile; fileRef = B0BC3C6718209D5800315EAE /* MPTChatMessage.m */; };
		B0BC3C6B18209D5900315EAE /* MPTChatUser.m in Sources */ = {isa = PBXBuildFile; fileRef = B0BC3C6A18209D5900315EAE /* MPTChatUser.m */; };
		B0BC3C6F1820B0A100315EAE /* MPTChatController.m in Sources */ = {isa = PBXBuildFile; fileRef = B0BC3C6E1820B0A100315EAE /* MPTChatController.m */; };
		B0BC3C711821BF7700315EAE /* MPTChatBar.xib in Resources */ = {isa = PBXBuildFile; fileRef = B0BC3C701821BF7700315EAE /* MPTChatBar.xib */; };
		B0BC3C741821C00E00315EAE /* MPTChatBar.m in Sources */ = {isa = PBXBuildFile; fileRef = B0BC3C731821C00E00315EAE /* MPTChatBar.m */; };
		B0BC3C781821C89400315EAE /* MPTMainMenuViewController.m in Sources */ = {isa = PBXBuildFile; fileRef = B0BC3C771821C89400315EAE /* MPTMainMenuViewController.m */; };
		B0BC3C821821CA3400315EAE /* README.md in Resources */ = {isa = PBXBuildFile; fileRef = B0BC3C7B1821CA3400315EAE /* README.md */; };
		B0BC3C831821CA3400315EAE /* RIButtonItem.m in Sources */ = {isa = PBXBuildFile; fileRef = B0BC3C7D1821CA3400315EAE /* RIButtonItem.m */; };
		B0BC3C841821CA3400315EAE /* UIActionSheet+Blocks.m in Sources */ = {isa = PBXBuildFile; fileRef = B0BC3C7F1821CA3400315EAE /* UIActionSheet+Blocks.m */; };
		B0BC3C851821CA3400315EAE /* UIAlertView+Blocks.m in Sources */ = {isa = PBXBuildFile; fileRef = B0BC3C811821CA3400315EAE /* UIAlertView+Blocks.m */; };
/* End PBXBuildFile section */

/* Begin PBXContainerItemProxy section */
		B0881438181A194D001FEC3C /* PBXContainerItemProxy */ = {
			isa = PBXContainerItemProxy;
			containerPortal = B088140A181A194D001FEC3C /* Project object */;
			proxyType = 1;
			remoteGlobalIDString = B0881411181A194D001FEC3C;
			remoteInfo = MultiPeerTest;
		};
/* End PBXContainerItemProxy section */

/* Begin PBXFileReference section */
		B0881412181A194D001FEC3C /* MultiPeerTest.app */ = {isa = PBXFileReference; explicitFileType = wrapper.application; includeInIndex = 0; path = MultiPeerTest.app; sourceTree = BUILT_PRODUCTS_DIR; };
		B0881415181A194D001FEC3C /* Foundation.framework */ = {isa = PBXFileReference; lastKnownFileType = wrapper.framework; name = Foundation.framework; path = System/Library/Frameworks/Foundation.framework; sourceTree = SDKROOT; };
		B0881417181A194D001FEC3C /* CoreGraphics.framework */ = {isa = PBXFileReference; lastKnownFileType = wrapper.framework; name = CoreGraphics.framework; path = System/Library/Frameworks/CoreGraphics.framework; sourceTree = SDKROOT; };
		B0881419181A194D001FEC3C /* UIKit.framework */ = {isa = PBXFileReference; lastKnownFileType = wrapper.framework; name = UIKit.framework; path = System/Library/Frameworks/UIKit.framework; sourceTree = SDKROOT; };
		B088141D181A194D001FEC3C /* MultiPeerTest-Info.plist */ = {isa = PBXFileReference; lastKnownFileType = text.plist.xml; path = "MultiPeerTest-Info.plist"; sourceTree = "<group>"; };
		B088141F181A194D001FEC3C /* en */ = {isa = PBXFileReference; lastKnownFileType = text.plist.strings; name = en; path = en.lproj/InfoPlist.strings; sourceTree = "<group>"; };
		B0881421181A194D001FEC3C /* main.m */ = {isa = PBXFileReference; lastKnownFileType = sourcecode.c.objc; path = main.m; sourceTree = "<group>"; };
		B0881423181A194D001FEC3C /* MultiPeerTest-Prefix.pch */ = {isa = PBXFileReference; lastKnownFileType = sourcecode.c.h; path = "MultiPeerTest-Prefix.pch"; sourceTree = "<group>"; };
		B0881424181A194D001FEC3C /* MPTAppDelegate.h */ = {isa = PBXFileReference; lastKnownFileType = sourcecode.c.h; path = MPTAppDelegate.h; sourceTree = "<group>"; };
		B0881425181A194D001FEC3C /* MPTAppDelegate.m */ = {isa = PBXFileReference; lastKnownFileType = sourcecode.c.objc; path = MPTAppDelegate.m; sourceTree = "<group>"; };
		B0881428181A194D001FEC3C /* Base */ = {isa = PBXFileReference; lastKnownFileType = file.storyboard; name = Base; path = Base.lproj/Main.storyboard; sourceTree = "<group>"; };
		B088142D181A194D001FEC3C /* Images.xcassets */ = {isa = PBXFileReference; lastKnownFileType = folder.assetcatalog; path = Images.xcassets; sourceTree = "<group>"; };
		B0881433181A194D001FEC3C /* MultiPeerTestTests.xctest */ = {isa = PBXFileReference; explicitFileType = wrapper.cfbundle; includeInIndex = 0; path = MultiPeerTestTests.xctest; sourceTree = BUILT_PRODUCTS_DIR; };
		B0881434181A194D001FEC3C /* XCTest.framework */ = {isa = PBXFileReference; lastKnownFileType = wrapper.framework; name = XCTest.framework; path = Library/Frameworks/XCTest.framework; sourceTree = DEVELOPER_DIR; };
		B088143C181A194D001FEC3C /* MultiPeerTestTests-Info.plist */ = {isa = PBXFileReference; lastKnownFileType = text.plist.xml; path = "MultiPeerTestTests-Info.plist"; sourceTree = "<group>"; };
		B088143E181A194D001FEC3C /* en */ = {isa = PBXFileReference; lastKnownFileType = text.plist.strings; name = en; path = en.lproj/InfoPlist.strings; sourceTree = "<group>"; };
		B0881440181A194D001FEC3C /* MultiPeerTestTests.m */ = {isa = PBXFileReference; lastKnownFileType = sourcecode.c.objc; path = MultiPeerTestTests.m; sourceTree = "<group>"; };
		B088144A181A195A001FEC3C /* MultipeerConnectivity.framework */ = {isa = PBXFileReference; lastKnownFileType = wrapper.framework; name = MultipeerConnectivity.framework; path = System/Library/Frameworks/MultipeerConnectivity.framework; sourceTree = SDKROOT; };
		B0BC3C40182077A800315EAE /* MPTChatViewController.h */ = {isa = PBXFileReference; fileEncoding = 4; lastKnownFileType = sourcecode.c.h; path = MPTChatViewController.h; sourceTree = "<group>"; };
		B0BC3C41182077A800315EAE /* MPTChatViewController.m */ = {isa = PBXFileReference; fileEncoding = 4; lastKnownFileType = sourcecode.c.objc; path = MPTChatViewController.m; sourceTree = "<group>"; };
		B0BC3C43182077B900315EAE /* MPTChatCell.h */ = {isa = PBXFileReference; fileEncoding = 4; lastKnownFileType = sourcecode.c.h; path = MPTChatCell.h; sourceTree = "<group>"; };
		B0BC3C44182077B900315EAE /* MPTChatCell.m */ = {isa = PBXFileReference; fileEncoding = 4; lastKnownFileType = sourcecode.c.objc; path = MPTChatCell.m; sourceTree = "<group>"; };
		B0BC3C481820780400315EAE /* ChatModal.xcdatamodel */ = {isa = PBXFileReference; lastKnownFileType = wrapper.xcdatamodel; path = ChatModal.xcdatamodel; sourceTree = "<group>"; };
		B0BC3C4A1820783300315EAE /* MPTChatDataSource.h */ = {isa = PBXFileReference; fileEncoding = 4; lastKnownFileType = sourcecode.c.h; path = MPTChatDataSource.h; sourceTree = "<group>"; };
		B0BC3C4B1820783300315EAE /* MPTChatDataSource.m */ = {isa = PBXFileReference; fileEncoding = 4; lastKnownFileType = sourcecode.c.objc; path = MPTChatDataSource.m; sourceTree = "<group>"; };
		B0BC3C5418207BBB00315EAE /* MPTDataController.h */ = {isa = PBXFileReference; fileEncoding = 4; lastKnownFileType = sourcecode.c.h; path = MPTDataController.h; sourceTree = "<group>"; };
		B0BC3C5518207BBB00315EAE /* MPTDataController.m */ = {isa = PBXFileReference; fileEncoding = 4; lastKnownFileType = sourcecode.c.objc; path = MPTDataController.m; sourceTree = "<group>"; };
		B0BC3C6618209D5800315EAE /* MPTChatMessage.h */ = {isa = PBXFileReference; fileEncoding = 4; lastKnownFileType = sourcecode.c.h; path = MPTChatMessage.h; sourceTree = "<group>"; };
		B0BC3C6718209D5800315EAE /* MPTChatMessage.m */ = {isa = PBXFileReference; fileEncoding = 4; lastKnownFileType = sourcecode.c.objc; path = MPTChatMessage.m; sourceTree = "<group>"; };
		B0BC3C6918209D5900315EAE /* MPTChatUser.h */ = {isa = PBXFileReference; fileEncoding = 4; lastKnownFileType = sourcecode.c.h; path = MPTChatUser.h; sourceTree = "<group>"; };
		B0BC3C6A18209D5900315EAE /* MPTChatUser.m */ = {isa = PBXFileReference; fileEncoding = 4; lastKnownFileType = sourcecode.c.objc; path = MPTChatUser.m; sourceTree = "<group>"; };
		B0BC3C6D1820B0A100315EAE /* MPTChatController.h */ = {isa = PBXFileReference; fileEncoding = 4; lastKnownFileType = sourcecode.c.h; path = MPTChatController.h; sourceTree = "<group>"; };
		B0BC3C6E1820B0A100315EAE /* MPTChatController.m */ = {isa = PBXFileReference; fileEncoding = 4; lastKnownFileType = sourcecode.c.objc; path = MPTChatController.m; sourceTree = "<group>"; };
		B0BC3C701821BF7700315EAE /* MPTChatBar.xib */ = {isa = PBXFileReference; fileEncoding = 4; lastKnownFileType = file.xib; path = MPTChatBar.xib; sourceTree = "<group>"; };
		B0BC3C721821C00E00315EAE /* MPTChatBar.h */ = {isa = PBXFileReference; fileEncoding = 4; lastKnownFileType = sourcecode.c.h; path = MPTChatBar.h; sourceTree = "<group>"; };
		B0BC3C731821C00E00315EAE /* MPTChatBar.m */ = {isa = PBXFileReference; fileEncoding = 4; lastKnownFileType = sourcecode.c.objc; path = MPTChatBar.m; sourceTree = "<group>"; };
		B0BC3C761821C89400315EAE /* MPTMainMenuViewController.h */ = {isa = PBXFileReference; fileEncoding = 4; lastKnownFileType = sourcecode.c.h; path = MPTMainMenuViewController.h; sourceTree = "<group>"; };
		B0BC3C771821C89400315EAE /* MPTMainMenuViewController.m */ = {isa = PBXFileReference; fileEncoding = 4; lastKnownFileType = sourcecode.c.objc; path = MPTMainMenuViewController.m; sourceTree = "<group>"; };
		B0BC3C7B1821CA3400315EAE /* README.md */ = {isa = PBXFileReference; fileEncoding = 4; lastKnownFileType = text; path = README.md; sourceTree = "<group>"; };
		B0BC3C7C1821CA3400315EAE /* RIButtonItem.h */ = {isa = PBXFileReference; fileEncoding = 4; lastKnownFileType = sourcecode.c.h; path = RIButtonItem.h; sourceTree = "<group>"; };
		B0BC3C7D1821CA3400315EAE /* RIButtonItem.m */ = {isa = PBXFileReference; fileEncoding = 4; lastKnownFileType = sourcecode.c.objc; path = RIButtonItem.m; sourceTree = "<group>"; };
		B0BC3C7E1821CA3400315EAE /* UIActionSheet+Blocks.h */ = {isa = PBXFileReference; fileEncoding = 4; lastKnownFileType = sourcecode.c.h; path = "UIActionSheet+Blocks.h"; sourceTree = "<group>"; };
		B0BC3C7F1821CA3400315EAE /* UIActionSheet+Blocks.m */ = {isa = PBXFileReference; fileEncoding = 4; lastKnownFileType = sourcecode.c.objc; path = "UIActionSheet+Blocks.m"; sourceTree = "<group>"; };
		B0BC3C801821CA3400315EAE /* UIAlertView+Blocks.h */ = {isa = PBXFileReference; fileEncoding = 4; lastKnownFileType = sourcecode.c.h; path = "UIAlertView+Blocks.h"; sourceTree = "<group>"; };
		B0BC3C811821CA3400315EAE /* UIAlertView+Blocks.m */ = {isa = PBXFileReference; fileEncoding = 4; lastKnownFileType = sourcecode.c.objc; path = "UIAlertView+Blocks.m"; sourceTree = "<group>"; };
/* End PBXFileReference section */

/* Begin PBXFrameworksBuildPhase section */
		B088140F181A194D001FEC3C /* Frameworks */ = {
			isa = PBXFrameworksBuildPhase;
			buildActionMask = 2147483647;
			files = (
				B088144B181A195A001FEC3C /* MultipeerConnectivity.framework in Frameworks */,
				B0881418181A194D001FEC3C /* CoreGraphics.framework in Frameworks */,
				B088141A181A194D001FEC3C /* UIKit.framework in Frameworks */,
				B0881416181A194D001FEC3C /* Foundation.framework in Frameworks */,
			);
			runOnlyForDeploymentPostprocessing = 0;
		};
		B0881430181A194D001FEC3C /* Frameworks */ = {
			isa = PBXFrameworksBuildPhase;
			buildActionMask = 2147483647;
			files = (
				B0881435181A194D001FEC3C /* XCTest.framework in Frameworks */,
				B0881437181A194D001FEC3C /* UIKit.framework in Frameworks */,
				B0881436181A194D001FEC3C /* Foundation.framework in Frameworks */,
			);
			runOnlyForDeploymentPostprocessing = 0;
		};
/* End PBXFrameworksBuildPhase section */

/* Begin PBXGroup section */
		B0881409181A194D001FEC3C = {
			isa = PBXGroup;
			children = (
				B088141B181A194D001FEC3C /* MultiPeerTest */,
				B088143A181A194D001FEC3C /* MultiPeerTestTests */,
				B0881414181A194D001FEC3C /* Frameworks */,
				B0881413181A194D001FEC3C /* Products */,
			);
			sourceTree = "<group>";
		};
		B0881413181A194D001FEC3C /* Products */ = {
			isa = PBXGroup;
			children = (
				B0881412181A194D001FEC3C /* MultiPeerTest.app */,
				B0881433181A194D001FEC3C /* MultiPeerTestTests.xctest */,
			);
			name = Products;
			sourceTree = "<group>";
		};
		B0881414181A194D001FEC3C /* Frameworks */ = {
			isa = PBXGroup;
			children = (
				B088144A181A195A001FEC3C /* MultipeerConnectivity.framework */,
				B0881415181A194D001FEC3C /* Foundation.framework */,
				B0881417181A194D001FEC3C /* CoreGraphics.framework */,
				B0881419181A194D001FEC3C /* UIKit.framework */,
				B0881434181A194D001FEC3C /* XCTest.framework */,
			);
			name = Frameworks;
			sourceTree = "<group>";
		};
		B088141B181A194D001FEC3C /* MultiPeerTest */ = {
			isa = PBXGroup;
			children = (
				B0BC3C3F1820779800315EAE /* Chat View Controller */,
				B0BC3C751821C87D00315EAE /* Main Menu */,
				B0BC3C6C18209DD700315EAE /* Communication Controller */,
				B0BC3C46182077E400315EAE /* Models */,
				B0BC3C791821CA3400315EAE /* Third Party */,
				B0881424181A194D001FEC3C /* MPTAppDelegate.h */,
				B0881425181A194D001FEC3C /* MPTAppDelegate.m */,
				B0881427181A194D001FEC3C /* Main.storyboard */,
				B088142D181A194D001FEC3C /* Images.xcassets */,
				B088141C181A194D001FEC3C /* Supporting Files */,
			);
			path = MultiPeerTest;
			sourceTree = "<group>";
		};
		B088141C181A194D001FEC3C /* Supporting Files */ = {
			isa = PBXGroup;
			children = (
				B088141D181A194D001FEC3C /* MultiPeerTest-Info.plist */,
				B088141E181A194D001FEC3C /* InfoPlist.strings */,
				B0881421181A194D001FEC3C /* main.m */,
				B0881423181A194D001FEC3C /* MultiPeerTest-Prefix.pch */,
			);
			name = "Supporting Files";
			sourceTree = "<group>";
		};
		B088143A181A194D001FEC3C /* MultiPeerTestTests */ = {
			isa = PBXGroup;
			children = (
				B0881440181A194D001FEC3C /* MultiPeerTestTests.m */,
				B088143B181A194D001FEC3C /* Supporting Files */,
			);
			path = MultiPeerTestTests;
			sourceTree = "<group>";
		};
		B088143B181A194D001FEC3C /* Supporting Files */ = {
			isa = PBXGroup;
			children = (
				B088143C181A194D001FEC3C /* MultiPeerTestTests-Info.plist */,
				B088143D181A194D001FEC3C /* InfoPlist.strings */,
			);
			name = "Supporting Files";
			sourceTree = "<group>";
		};
		B0BC3C3F1820779800315EAE /* Chat View Controller */ = {
			isa = PBXGroup;
			children = (
				B0BC3C721821C00E00315EAE /* MPTChatBar.h */,
				B0BC3C731821C00E00315EAE /* MPTChatBar.m */,
				B0BC3C701821BF7700315EAE /* MPTChatBar.xib */,
				B0BC3C43182077B900315EAE /* MPTChatCell.h */,
				B0BC3C44182077B900315EAE /* MPTChatCell.m */,
				B0BC3C4A1820783300315EAE /* MPTChatDataSource.h */,
				B0BC3C4B1820783300315EAE /* MPTChatDataSource.m */,
				B0BC3C40182077A800315EAE /* MPTChatViewController.h */,
				B0BC3C41182077A800315EAE /* MPTChatViewController.m */,
			);
			path = "Chat View Controller";
			sourceTree = "<group>";
		};
		B0BC3C46182077E400315EAE /* Models */ = {
			isa = PBXGroup;
			children = (
				B0BC3C4D1820793800315EAE /* Managed Objects */,
				B0BC3C471820780400315EAE /* ChatModal.xcdatamodeld */,
				B0BC3C5418207BBB00315EAE /* MPTDataController.h */,
				B0BC3C5518207BBB00315EAE /* MPTDataController.m */,
			);
			path = Models;
			sourceTree = "<group>";
		};
		B0BC3C4D1820793800315EAE /* Managed Objects */ = {
			isa = PBXGroup;
			children = (
				B0BC3C6618209D5800315EAE /* MPTChatMessage.h */,
				B0BC3C6718209D5800315EAE /* MPTChatMessage.m */,
				B0BC3C6918209D5900315EAE /* MPTChatUser.h */,
				B0BC3C6A18209D5900315EAE /* MPTChatUser.m */,
			);
			path = "Managed Objects";
			sourceTree = "<group>";
		};
		B0BC3C6C18209DD700315EAE /* Communication Controller */ = {
			isa = PBXGroup;
			children = (
				B0BC3C6D1820B0A100315EAE /* MPTChatController.h */,
				B0BC3C6E1820B0A100315EAE /* MPTChatController.m */,
			);
			path = "Communication Controller";
			sourceTree = "<group>";
		};
		B0BC3C751821C87D00315EAE /* Main Menu */ = {
			isa = PBXGroup;
			children = (
				B0BC3C761821C89400315EAE /* MPTMainMenuViewController.h */,
				B0BC3C771821C89400315EAE /* MPTMainMenuViewController.m */,
			);
			path = "Main Menu";
			sourceTree = "<group>";
		};
		B0BC3C791821CA3400315EAE /* Third Party */ = {
			isa = PBXGroup;
			children = (
				B0BC3C7A1821CA3400315EAE /* UIAlertView+Blocks */,
			);
			path = "Third Party";
			sourceTree = "<group>";
		};
		B0BC3C7A1821CA3400315EAE /* UIAlertView+Blocks */ = {
			isa = PBXGroup;
			children = (
				B0BC3C7B1821CA3400315EAE /* README.md */,
				B0BC3C7C1821CA3400315EAE /* RIButtonItem.h */,
				B0BC3C7D1821CA3400315EAE /* RIButtonItem.m */,
				B0BC3C7E1821CA3400315EAE /* UIActionSheet+Blocks.h */,
				B0BC3C7F1821CA3400315EAE /* UIActionSheet+Blocks.m */,
				B0BC3C801821CA3400315EAE /* UIAlertView+Blocks.h */,
				B0BC3C811821CA3400315EAE /* UIAlertView+Blocks.m */,
			);
			path = "UIAlertView+Blocks";
			sourceTree = "<group>";
		};
/* End PBXGroup section */

/* Begin PBXNativeTarget section */
		B0881411181A194D001FEC3C /* MultiPeerTest */ = {
			isa = PBXNativeTarget;
			buildConfigurationList = B0881444181A194D001FEC3C /* Build configuration list for PBXNativeTarget "MultiPeerTest" */;
			buildPhases = (
				B088140E181A194D001FEC3C /* Sources */,
				B088140F181A194D001FEC3C /* Frameworks */,
				B0881410181A194D001FEC3C /* Resources */,
			);
			buildRules = (
			);
			dependencies = (
			);
			name = MultiPeerTest;
			productName = MultiPeerTest;
			productReference = B0881412181A194D001FEC3C /* MultiPeerTest.app */;
			productType = "com.apple.product-type.application";
		};
		B0881432181A194D001FEC3C /* MultiPeerTestTests */ = {
			isa = PBXNativeTarget;
			buildConfigurationList = B0881447181A194D001FEC3C /* Build configuration list for PBXNativeTarget "MultiPeerTestTests" */;
			buildPhases = (
				B088142F181A194D001FEC3C /* Sources */,
				B0881430181A194D001FEC3C /* Frameworks */,
				B0881431181A194D001FEC3C /* Resources */,
			);
			buildRules = (
			);
			dependencies = (
				B0881439181A194D001FEC3C /* PBXTargetDependency */,
			);
			name = MultiPeerTestTests;
			productName = MultiPeerTestTests;
			productReference = B0881433181A194D001FEC3C /* MultiPeerTestTests.xctest */;
			productType = "com.apple.product-type.bundle.unit-test";
		};
/* End PBXNativeTarget section */

/* Begin PBXProject section */
		B088140A181A194D001FEC3C /* Project object */ = {
			isa = PBXProject;
			attributes = {
				CLASSPREFIX = MPT;
				LastUpgradeCheck = 0500;
				ORGANIZATIONNAME = "Wayne Hartman";
				TargetAttributes = {
					B0881432181A194D001FEC3C = {
						TestTargetID = B0881411181A194D001FEC3C;
					};
				};
			};
			buildConfigurationList = B088140D181A194D001FEC3C /* Build configuration list for PBXProject "MultiPeerTest" */;
			compatibilityVersion = "Xcode 3.2";
			developmentRegion = English;
			hasScannedForEncodings = 0;
			knownRegions = (
				en,
				Base,
			);
			mainGroup = B0881409181A194D001FEC3C;
			productRefGroup = B0881413181A194D001FEC3C /* Products */;
			projectDirPath = "";
			projectRoot = "";
			targets = (
				B0881411181A194D001FEC3C /* MultiPeerTest */,
				B0881432181A194D001FEC3C /* MultiPeerTestTests */,
			);
		};
/* End PBXProject section */

/* Begin PBXResourcesBuildPhase section */
		B0881410181A194D001FEC3C /* Resources */ = {
			isa = PBXResourcesBuildPhase;
			buildActionMask = 2147483647;
			files = (
				B088142E181A194D001FEC3C /* Images.xcassets in Resources */,
				B0BC3C711821BF7700315EAE /* MPTChatBar.xib in Resources */,
				B0BC3C821821CA3400315EAE /* README.md in Resources */,
				B0881420181A194D001FEC3C /* InfoPlist.strings in Resources */,
				B0881429181A194D001FEC3C /* Main.storyboard in Resources */,
			);
			runOnlyForDeploymentPostprocessing = 0;
		};
		B0881431181A194D001FEC3C /* Resources */ = {
			isa = PBXResourcesBuildPhase;
			buildActionMask = 2147483647;
			files = (
				B088143F181A194D001FEC3C /* InfoPlist.strings in Resources */,
			);
			runOnlyForDeploymentPostprocessing = 0;
		};
/* End PBXResourcesBuildPhase section */

/* Begin PBXSourcesBuildPhase section */
		B088140E181A194D001FEC3C /* Sources */ = {
			isa = PBXSourcesBuildPhase;
			buildActionMask = 2147483647;
			files = (
				B0BC3C831821CA3400315EAE /* RIButtonItem.m in Sources */,
				B0BC3C841821CA3400315EAE /* UIActionSheet+Blocks.m in Sources */,
				B0881426181A194D001FEC3C /* MPTAppDelegate.m in Sources */,
				B0BC3C45182077B900315EAE /* MPTChatCell.m in Sources */,
				B0BC3C42182077A800315EAE /* MPTChatViewController.m in Sources */,
				B0881422181A194D001FEC3C /* main.m in Sources */,
				B0BC3C5618207BBB00315EAE /* MPTDataController.m in Sources */,
				B0BC3C491820780400315EAE /* ChatModal.xcdatamodeld in Sources */,
				B0BC3C4C1820783300315EAE /* MPTChatDataSource.m in Sources */,
				B0BC3C6F1820B0A100315EAE /* MPTChatController.m in Sources */,
				B0BC3C781821C89400315EAE /* MPTMainMenuViewController.m in Sources */,
				B0BC3C741821C00E00315EAE /* MPTChatBar.m in Sources */,
				B0BC3C851821CA3400315EAE /* UIAlertView+Blocks.m in Sources */,
				B0BC3C6B18209D5900315EAE /* MPTChatUser.m in Sources */,
				B0BC3C6818209D5800315EAE /* MPTChatMessage.m in Sources */,
			);
			runOnlyForDeploymentPostprocessing = 0;
		};
		B088142F181A194D001FEC3C /* Sources */ = {
			isa = PBXSourcesBuildPhase;
			buildActionMask = 2147483647;
			files = (
				B0881441181A194D001FEC3C /* MultiPeerTestTests.m in Sources */,
			);
			runOnlyForDeploymentPostprocessing = 0;
		};
/* End PBXSourcesBuildPhase section */

/* Begin PBXTargetDependency section */
		B0881439181A194D001FEC3C /* PBXTargetDependency */ = {
			isa = PBXTargetDependency;
			target = B0881411181A194D001FEC3C /* MultiPeerTest */;
			targetProxy = B0881438181A194D001FEC3C /* PBXContainerItemProxy */;
		};
/* End PBXTargetDependency section */

/* Begin PBXVariantGroup section */
		B088141E181A194D001FEC3C /* InfoPlist.strings */ = {
			isa = PBXVariantGroup;
			children = (
				B088141F181A194D001FEC3C /* en */,
			);
			name = InfoPlist.strings;
			sourceTree = "<group>";
		};
		B0881427181A194D001FEC3C /* Main.storyboard */ = {
			isa = PBXVariantGroup;
			children = (
				B0881428181A194D001FEC3C /* Base */,
			);
			name = Main.storyboard;
			sourceTree = "<group>";
		};
		B088143D181A194D001FEC3C /* InfoPlist.strings */ = {
			isa = PBXVariantGroup;
			children = (
				B088143E181A194D001FEC3C /* en */,
			);
			name = InfoPlist.strings;
			sourceTree = "<group>";
		};
/* End PBXVariantGroup section */

/* Begin XCBuildConfiguration section */
		B0881442181A194D001FEC3C /* Debug */ = {
			isa = XCBuildConfiguration;
			buildSettings = {
				ALWAYS_SEARCH_USER_PATHS = NO;
				ARCHS = "$(ARCHS_STANDARD_INCLUDING_64_BIT)";
				CLANG_CXX_LANGUAGE_STANDARD = "gnu++0x";
				CLANG_CXX_LIBRARY = "libc++";
				CLANG_ENABLE_MODULES = YES;
				CLANG_ENABLE_OBJC_ARC = YES;
				CLANG_WARN_BOOL_CONVERSION = YES;
				CLANG_WARN_CONSTANT_CONVERSION = YES;
				CLANG_WARN_DIRECT_OBJC_ISA_USAGE = YES_ERROR;
				CLANG_WARN_EMPTY_BODY = YES;
				CLANG_WARN_ENUM_CONVERSION = YES;
				CLANG_WARN_INT_CONVERSION = YES;
				CLANG_WARN_OBJC_ROOT_CLASS = YES_ERROR;
				CLANG_WARN__DUPLICATE_METHOD_MATCH = YES;
				"CODE_SIGN_IDENTITY[sdk=iphoneos*]" = "iPhone Developer";
				COPY_PHASE_STRIP = NO;
				GCC_C_LANGUAGE_STANDARD = gnu99;
				GCC_DYNAMIC_NO_PIC = NO;
				GCC_OPTIMIZATION_LEVEL = 0;
				GCC_PREPROCESSOR_DEFINITIONS = (
					"DEBUG=1",
					"$(inherited)",
				);
				GCC_SYMBOLS_PRIVATE_EXTERN = NO;
				GCC_WARN_64_TO_32_BIT_CONVERSION = YES;
				GCC_WARN_ABOUT_RETURN_TYPE = YES_ERROR;
				GCC_WARN_UNDECLARED_SELECTOR = YES;
				GCC_WARN_UNINITIALIZED_AUTOS = YES;
				GCC_WARN_UNUSED_FUNCTION = YES;
				GCC_WARN_UNUSED_VARIABLE = YES;
				IPHONEOS_DEPLOYMENT_TARGET = 7.0;
				ONLY_ACTIVE_ARCH = YES;
				SDKROOT = iphoneos;
			};
			name = Debug;
		};
		B0881443181A194D001FEC3C /* Release */ = {
			isa = XCBuildConfiguration;
			buildSettings = {
				ALWAYS_SEARCH_USER_PATHS = NO;
				ARCHS = "$(ARCHS_STANDARD_INCLUDING_64_BIT)";
				CLANG_CXX_LANGUAGE_STANDARD = "gnu++0x";
				CLANG_CXX_LIBRARY = "libc++";
				CLANG_ENABLE_MODULES = YES;
				CLANG_ENABLE_OBJC_ARC = YES;
				CLANG_WARN_BOOL_CONVERSION = YES;
				CLANG_WARN_CONSTANT_CONVERSION = YES;
				CLANG_WARN_DIRECT_OBJC_ISA_USAGE = YES_ERROR;
				CLANG_WARN_EMPTY_BODY = YES;
				CLANG_WARN_ENUM_CONVERSION = YES;
				CLANG_WARN_INT_CONVERSION = YES;
				CLANG_WARN_OBJC_ROOT_CLASS = YES_ERROR;
				CLANG_WARN__DUPLICATE_METHOD_MATCH = YES;
				"CODE_SIGN_IDENTITY[sdk=iphoneos*]" = "iPhone Developer";
				COPY_PHASE_STRIP = YES;
				ENABLE_NS_ASSERTIONS = NO;
				GCC_C_LANGUAGE_STANDARD = gnu99;
				GCC_WARN_64_TO_32_BIT_CONVERSION = YES;
				GCC_WARN_ABOUT_RETURN_TYPE = YES_ERROR;
				GCC_WARN_UNDECLARED_SELECTOR = YES;
				GCC_WARN_UNINITIALIZED_AUTOS = YES;
				GCC_WARN_UNUSED_FUNCTION = YES;
				GCC_WARN_UNUSED_VARIABLE = YES;
				IPHONEOS_DEPLOYMENT_TARGET = 7.0;
				SDKROOT = iphoneos;
				VALIDATE_PRODUCT = YES;
			};
			name = Release;
		};
		B0881445181A194D001FEC3C /* Debug */ = {
			isa = XCBuildConfiguration;
			buildSettings = {
				ASSETCATALOG_COMPILER_APPICON_NAME = AppIcon;
				ASSETCATALOG_COMPILER_LAUNCHIMAGE_NAME = LaunchImage;
				GCC_PRECOMPILE_PREFIX_HEADER = YES;
				GCC_PREFIX_HEADER = "MultiPeerTest/MultiPeerTest-Prefix.pch";
				INFOPLIST_FILE = "MultiPeerTest/MultiPeerTest-Info.plist";
				PRODUCT_NAME = "$(TARGET_NAME)";
				WRAPPER_EXTENSION = app;
			};
			name = Debug;
		};
		B0881446181A194D001FEC3C /* Release */ = {
			isa = XCBuildConfiguration;
			buildSettings = {
				ASSETCATALOG_COMPILER_APPICON_NAME = AppIcon;
				ASSETCATALOG_COMPILER_LAUNCHIMAGE_NAME = LaunchImage;
				GCC_PRECOMPILE_PREFIX_HEADER = YES;
				GCC_PREFIX_HEADER = "MultiPeerTest/MultiPeerTest-Prefix.pch";
				INFOPLIST_FILE = "MultiPeerTest/MultiPeerTest-Info.plist";
				PRODUCT_NAME = "$(TARGET_NAME)";
				WRAPPER_EXTENSION = app;
			};
			name = Release;
		};
		B0881448181A194D001FEC3C /* Debug */ = {
			isa = XCBuildConfiguration;
			buildSettings = {
				ARCHS = "$(ARCHS_STANDARD_INCLUDING_64_BIT)";
				BUNDLE_LOADER = "$(BUILT_PRODUCTS_DIR)/MultiPeerTest.app/MultiPeerTest";
				FRAMEWORK_SEARCH_PATHS = (
					"$(SDKROOT)/Developer/Library/Frameworks",
					"$(inherited)",
					"$(DEVELOPER_FRAMEWORKS_DIR)",
				);
				GCC_PRECOMPILE_PREFIX_HEADER = YES;
				GCC_PREFIX_HEADER = "MultiPeerTest/MultiPeerTest-Prefix.pch";
				GCC_PREPROCESSOR_DEFINITIONS = (
					"DEBUG=1",
					"$(inherited)",
				);
				INFOPLIST_FILE = "MultiPeerTestTests/MultiPeerTestTests-Info.plist";
				PRODUCT_NAME = "$(TARGET_NAME)";
				TEST_HOST = "$(BUNDLE_LOADER)";
				WRAPPER_EXTENSION = xctest;
			};
			name = Debug;
		};
		B0881449181A194D001FEC3C /* Release */ = {
			isa = XCBuildConfiguration;
			buildSettings = {
				ARCHS = "$(ARCHS_STANDARD_INCLUDING_64_BIT)";
				BUNDLE_LOADER = "$(BUILT_PRODUCTS_DIR)/MultiPeerTest.app/MultiPeerTest";
				FRAMEWORK_SEARCH_PATHS = (
					"$(SDKROOT)/Developer/Library/Frameworks",
					"$(inherited)",
					"$(DEVELOPER_FRAMEWORKS_DIR)",
				);
				GCC_PRECOMPILE_PREFIX_HEADER = YES;
				GCC_PREFIX_HEADER = "MultiPeerTest/MultiPeerTest-Prefix.pch";
				INFOPLIST_FILE = "MultiPeerTestTests/MultiPeerTestTests-Info.plist";
				PRODUCT_NAME = "$(TARGET_NAME)";
				TEST_HOST = "$(BUNDLE_LOADER)";
				WRAPPER_EXTENSION = xctest;
			};
			name = Release;
		};
/* End XCBuildConfiguration section */

/* Begin XCConfigurationList section */
		B088140D181A194D001FEC3C /* Build configuration list for PBXProject "MultiPeerTest" */ = {
			isa = XCConfigurationList;
			buildConfigurations = (
				B0881442181A194D001FEC3C /* Debug */,
				B0881443181A194D001FEC3C /* Release */,
			);
			defaultConfigurationIsVisible = 0;
			defaultConfigurationName = Release;
		};
		B0881444181A194D001FEC3C /* Build configuration list for PBXNativeTarget "MultiPeerTest" */ = {
			isa = XCConfigurationList;
			buildConfigurations = (
				B0881445181A194D001FEC3C /* Debug */,
				B0881446181A194D001FEC3C /* Release */,
			);
			defaultConfigurationIsVisible = 0;
			defaultConfigurationName = Release;
		};
		B0881447181A194D001FEC3C /* Build configuration list for PBXNativeTarget "MultiPeerTestTests" */ = {
			isa = XCConfigurationList;
			buildConfigurations = (
				B0881448181A194D001FEC3C /* Debug */,
				B0881449181A194D001FEC3C /* Release */,
			);
			defaultConfigurationIsVisible = 0;
			defaultConfigurationName = Release;
		};
/* End XCConfigurationList section */

/* Begin XCVersionGroup section */
		B0BC3C471820780400315EAE /* ChatModal.xcdatamodeld */ = {
			isa = XCVersionGroup;
			children = (
				B0BC3C481820780400315EAE /* ChatModal.xcdatamodel */,
			);
			currentVersion = B0BC3C481820780400315EAE /* ChatModal.xcdatamodel */;
			path = ChatModal.xcdatamodeld;
			sourceTree = "<group>";
			versionGroupType = wrapper.xcdatamodel;
		};
/* End XCVersionGroup section */
	};
	rootObject = B088140A181A194D001FEC3C /* Project object */;
}
